// !$*UTF8*$!
{
	archiveVersion = 1;
	classes = {
	};
	objectVersion = 45;
	objects = {

/* Begin PBXBuildFile section */
		8D11072B0486CEB800E47090 /* InfoPlist.strings in Resources */ = {isa = PBXBuildFile; fileRef = 089C165CFE840E0CC02AAC07 /* InfoPlist.strings */; };
		8D11072D0486CEB800E47090 /* main.m in Sources */ = {isa = PBXBuildFile; fileRef = 29B97316FDCFA39411CA2CEA /* main.m */; settings = {ATTRIBUTES = (); }; };
		8D11072F0486CEB800E47090 /* Cocoa.framework in Frameworks */ = {isa = PBXBuildFile; fileRef = 1058C7A1FEA54F0111CA2CBB /* Cocoa.framework */; };
		D5ABA89F0F45FB3F00EAD09C /* ArchimadeAgentApplicationController.m in Sources */ = {isa = PBXBuildFile; fileRef = D5ABA89E0F45FB3F00EAD09C /* ArchimadeAgentApplicationController.m */; };
		D5ABA8AF0F45FB5000EAD09C /* ArchimadeProgressWindowController.m in Sources */ = {isa = PBXBuildFile; fileRef = D5ABA8A70F45FB5000EAD09C /* ArchimadeProgressWindowController.m */; };
		D5ABA8B00F45FB5000EAD09C /* ArchimadeFileManagerAddition.m in Sources */ = {isa = PBXBuildFile; fileRef = D5ABA8AA0F45FB5000EAD09C /* ArchimadeFileManagerAddition.m */; };
		D5ABA8B10F45FB5000EAD09C /* ArchimadeDirectoryLookupOperation.m in Sources */ = {isa = PBXBuildFile; fileRef = D5ABA8AC0F45FB5000EAD09C /* ArchimadeDirectoryLookupOperation.m */; };
		D5ABA8B20F45FB5000EAD09C /* ArchimadeArchiveTaskOperation.m in Sources */ = {isa = PBXBuildFile; fileRef = D5ABA8AD0F45FB5000EAD09C /* ArchimadeArchiveTaskOperation.m */; };
		D5ABA8B70F45FB6700EAD09C /* ProgressWindow.xib in Resources */ = {isa = PBXBuildFile; fileRef = D5ABA8B50F45FB6700EAD09C /* ProgressWindow.xib */; };
		D5ABA8BC0F45FB7500EAD09C /* WrongDroppedFile.aiff in Resources */ = {isa = PBXBuildFile; fileRef = D5ABA8B80F45FB7500EAD09C /* WrongDroppedFile.aiff */; };
		D5ABA8BD0F45FB7500EAD09C /* WrongPriviledges.aiff in Resources */ = {isa = PBXBuildFile; fileRef = D5ABA8BA0F45FB7500EAD09C /* WrongPriviledges.aiff */; };
/* End PBXBuildFile section */

/* Begin PBXFileReference section */
		089C165DFE840E0CC02AAC07 /* English */ = {isa = PBXFileReference; fileEncoding = 10; lastKnownFileType = text.plist.strings; name = English; path = English.lproj/InfoPlist.strings; sourceTree = "<group>"; };
		1058C7A1FEA54F0111CA2CBB /* Cocoa.framework */ = {isa = PBXFileReference; lastKnownFileType = wrapper.framework; name = Cocoa.framework; path = /System/Library/Frameworks/Cocoa.framework; sourceTree = "<absolute>"; };
		13E42FB307B3F0F600E4EEF1 /* CoreData.framework */ = {isa = PBXFileReference; lastKnownFileType = wrapper.framework; name = CoreData.framework; path = /System/Library/Frameworks/CoreData.framework; sourceTree = "<absolute>"; };
		29B97316FDCFA39411CA2CEA /* main.m */ = {isa = PBXFileReference; fileEncoding = 4; lastKnownFileType = sourcecode.c.objc; path = main.m; sourceTree = "<group>"; };
		29B97324FDCFA39411CA2CEA /* AppKit.framework */ = {isa = PBXFileReference; lastKnownFileType = wrapper.framework; name = AppKit.framework; path = /System/Library/Frameworks/AppKit.framework; sourceTree = "<absolute>"; };
		29B97325FDCFA39411CA2CEA /* Foundation.framework */ = {isa = PBXFileReference; lastKnownFileType = wrapper.framework; name = Foundation.framework; path = /System/Library/Frameworks/Foundation.framework; sourceTree = "<absolute>"; };
		32CA4F630368D1EE00C91783 /* ArchimadeAgent_Prefix.pch */ = {isa = PBXFileReference; fileEncoding = 4; lastKnownFileType = sourcecode.c.h; path = ArchimadeAgent_Prefix.pch; sourceTree = "<group>"; };
		8D1107310486CEB800E47090 /* Info.plist */ = {isa = PBXFileReference; fileEncoding = 4; lastKnownFileType = text.plist.xml; path = Info.plist; sourceTree = "<group>"; };
		8D1107320486CEB800E47090 /* ArchimadeAgent.app */ = {isa = PBXFileReference; explicitFileType = wrapper.application; includeInIndex = 0; path = ArchimadeAgent.app; sourceTree = BUILT_PRODUCTS_DIR; };
		D5AAF3440F46673200107233 /* ArchimadeAgentPlugin.h */ = {isa = PBXFileReference; fileEncoding = 4; lastKnownFileType = sourcecode.c.h; name = ArchimadeAgentPlugin.h; path = AgentPlugin.subproj/Classes/ArchimadeAgentPlugin.h; sourceTree = SOURCE_ROOT; };
		D5ABA89D0F45FB3F00EAD09C /* ArchimadeAgentApplicationController.h */ = {isa = PBXFileReference; fileEncoding = 4; lastKnownFileType = sourcecode.c.h; path = ArchimadeAgentApplicationController.h; sourceTree = "<group>"; };
		D5ABA89E0F45FB3F00EAD09C /* ArchimadeAgentApplicationController.m */ = {isa = PBXFileReference; fileEncoding = 4; lastKnownFileType = sourcecode.c.objc; path = ArchimadeAgentApplicationController.m; sourceTree = "<group>"; };
		D5ABA8A70F45FB5000EAD09C /* ArchimadeProgressWindowController.m */ = {isa = PBXFileReference; fileEncoding = 4; lastKnownFileType = sourcecode.c.objc; name = ArchimadeProgressWindowController.m; path = ../Classes/ArchimadeProgressWindowController.m; sourceTree = SOURCE_ROOT; };
		D5ABA8A80F45FB5000EAD09C /* ArchimadeProgressWindowController.h */ = {isa = PBXFileReference; fileEncoding = 4; lastKnownFileType = sourcecode.c.h; name = ArchimadeProgressWindowController.h; path = ../Classes/ArchimadeProgressWindowController.h; sourceTree = SOURCE_ROOT; };
		D5ABA8A90F45FB5000EAD09C /* ArchimadeFileManagerAddition.h */ = {isa = PBXFileReference; fileEncoding = 4; lastKnownFileType = sourcecode.c.h; name = ArchimadeFileManagerAddition.h; path = ../Classes/ArchimadeFileManagerAddition.h; sourceTree = SOURCE_ROOT; };
		D5ABA8AA0F45FB5000EAD09C /* ArchimadeFileManagerAddition.m */ = {isa = PBXFileReference; fileEncoding = 4; lastKnownFileType = sourcecode.c.objc; name = ArchimadeFileManagerAddition.m; path = ../Classes/ArchimadeFileManagerAddition.m; sourceTree = SOURCE_ROOT; };
		D5ABA8AB0F45FB5000EAD09C /* ArchimadeDirectoryLookupOperation.h */ = {isa = PBXFileReference; fileEncoding = 4; lastKnownFileType = sourcecode.c.h; name = ArchimadeDirectoryLookupOperation.h; path = ../Classes/ArchimadeDirectoryLookupOperation.h; sourceTree = SOURCE_ROOT; };
		D5ABA8AC0F45FB5000EAD09C /* ArchimadeDirectoryLookupOperation.m */ = {isa = PBXFileReference; fileEncoding = 4; lastKnownFileType = sourcecode.c.objc; name = ArchimadeDirectoryLookupOperation.m; path = ../Classes/ArchimadeDirectoryLookupOperation.m; sourceTree = SOURCE_ROOT; };
		D5ABA8AD0F45FB5000EAD09C /* ArchimadeArchiveTaskOperation.m */ = {isa = PBXFileReference; fileEncoding = 4; lastKnownFileType = sourcecode.c.objc; name = ArchimadeArchiveTaskOperation.m; path = ../Classes/ArchimadeArchiveTaskOperation.m; sourceTree = SOURCE_ROOT; };
		D5ABA8AE0F45FB5000EAD09C /* ArchimadeArchiveTaskOperation.h */ = {isa = PBXFileReference; fileEncoding = 4; lastKnownFileType = sourcecode.c.h; name = ArchimadeArchiveTaskOperation.h; path = ../Classes/ArchimadeArchiveTaskOperation.h; sourceTree = SOURCE_ROOT; };
		D5ABA8B60F45FB6700EAD09C /* English */ = {isa = PBXFileReference; lastKnownFileType = file.xib; name = English; path = ../English.lproj/ProgressWindow.xib; sourceTree = SOURCE_ROOT; };
		D5ABA8B90F45FB7500EAD09C /* English */ = {isa = PBXFileReference; lastKnownFileType = audio.aiff; name = English; path = ../English.lproj/WrongDroppedFile.aiff; sourceTree = SOURCE_ROOT; };
		D5ABA8BB0F45FB7500EAD09C /* English */ = {isa = PBXFileReference; lastKnownFileType = audio.aiff; name = English; path = ../English.lproj/WrongPriviledges.aiff; sourceTree = SOURCE_ROOT; };
/* End PBXFileReference section */

/* Begin PBXFrameworksBuildPhase section */
		8D11072E0486CEB800E47090 /* Frameworks */ = {
			isa = PBXFrameworksBuildPhase;
			buildActionMask = 2147483647;
			files = (
				8D11072F0486CEB800E47090 /* Cocoa.framework in Frameworks */,
			);
			runOnlyForDeploymentPostprocessing = 0;
		};
/* End PBXFrameworksBuildPhase section */

/* Begin PBXGroup section */
		1058C7A0FEA54F0111CA2CBB /* Linked Frameworks */ = {
			isa = PBXGroup;
			children = (
				1058C7A1FEA54F0111CA2CBB /* Cocoa.framework */,
			);
			name = "Linked Frameworks";
			sourceTree = "<group>";
		};
		1058C7A2FEA54F0111CA2CBB /* Other Frameworks */ = {
			isa = PBXGroup;
			children = (
				29B97324FDCFA39411CA2CEA /* AppKit.framework */,
				13E42FB307B3F0F600E4EEF1 /* CoreData.framework */,
				29B97325FDCFA39411CA2CEA /* Foundation.framework */,
			);
			name = "Other Frameworks";
			sourceTree = "<group>";
		};
		19C28FACFE9D520D11CA2CBB /* Products */ = {
			isa = PBXGroup;
			children = (
				8D1107320486CEB800E47090 /* ArchimadeAgent.app */,
			);
			name = Products;
			sourceTree = "<group>";
		};
		29B97314FDCFA39411CA2CEA /* ArchimadeAgent */ = {
			isa = PBXGroup;
			children = (
				D5ABA8A60F45FB5000EAD09C /* Archimade */,
				D5ABA89C0F45FB3F00EAD09C /* Classes */,
				29B97315FDCFA39411CA2CEA /* Other Sources */,
				29B97317FDCFA39411CA2CEA /* Resources */,
				29B97323FDCFA39411CA2CEA /* Frameworks */,
				19C28FACFE9D520D11CA2CBB /* Products */,
			);
			name = ArchimadeAgent;
			sourceTree = "<group>";
		};
		29B97315FDCFA39411CA2CEA /* Other Sources */ = {
			isa = PBXGroup;
			children = (
				32CA4F630368D1EE00C91783 /* ArchimadeAgent_Prefix.pch */,
				29B97316FDCFA39411CA2CEA /* main.m */,
			);
			name = "Other Sources";
			sourceTree = "<group>";
		};
		29B97317FDCFA39411CA2CEA /* Resources */ = {
			isa = PBXGroup;
			children = (
				D5ABA8B80F45FB7500EAD09C /* WrongDroppedFile.aiff */,
				D5ABA8BA0F45FB7500EAD09C /* WrongPriviledges.aiff */,
				D5ABA8B50F45FB6700EAD09C /* ProgressWindow.xib */,
				8D1107310486CEB800E47090 /* Info.plist */,
				089C165CFE840E0CC02AAC07 /* InfoPlist.strings */,
			);
			name = Resources;
			sourceTree = "<group>";
		};
		29B97323FDCFA39411CA2CEA /* Frameworks */ = {
			isa = PBXGroup;
			children = (
				1058C7A0FEA54F0111CA2CBB /* Linked Frameworks */,
				1058C7A2FEA54F0111CA2CBB /* Other Frameworks */,
			);
			name = Frameworks;
			sourceTree = "<group>";
		};
		D5ABA89C0F45FB3F00EAD09C /* Classes */ = {
			isa = PBXGroup;
			children = (
				D5AAF3440F46673200107233 /* ArchimadeAgentPlugin.h */,
				D5ABA89D0F45FB3F00EAD09C /* ArchimadeAgentApplicationController.h */,
				D5ABA89E0F45FB3F00EAD09C /* ArchimadeAgentApplicationController.m */,
			);
			path = Classes;
			sourceTree = "<group>";
		};
		D5ABA8A60F45FB5000EAD09C /* Archimade */ = {
			isa = PBXGroup;
			children = (
				D5ABA8A70F45FB5000EAD09C /* ArchimadeProgressWindowController.m */,
				D5ABA8A80F45FB5000EAD09C /* ArchimadeProgressWindowController.h */,
				D5ABA8A90F45FB5000EAD09C /* ArchimadeFileManagerAddition.h */,
				D5ABA8AA0F45FB5000EAD09C /* ArchimadeFileManagerAddition.m */,
				D5ABA8AB0F45FB5000EAD09C /* ArchimadeDirectoryLookupOperation.h */,
				D5ABA8AC0F45FB5000EAD09C /* ArchimadeDirectoryLookupOperation.m */,
				D5ABA8AD0F45FB5000EAD09C /* ArchimadeArchiveTaskOperation.m */,
				D5ABA8AE0F45FB5000EAD09C /* ArchimadeArchiveTaskOperation.h */,
			);
			name = Archimade;
			sourceTree = "<group>";
		};
/* End PBXGroup section */

/* Begin PBXNativeTarget section */
		8D1107260486CEB800E47090 /* ArchimadeAgent */ = {
			isa = PBXNativeTarget;
			buildConfigurationList = C01FCF4A08A954540054247B /* Build configuration list for PBXNativeTarget "ArchimadeAgent" */;
			buildPhases = (
				8D1107290486CEB800E47090 /* Resources */,
				8D11072C0486CEB800E47090 /* Sources */,
				8D11072E0486CEB800E47090 /* Frameworks */,
			);
			buildRules = (
			);
			dependencies = (
			);
			name = ArchimadeAgent;
			productInstallPath = "$(HOME)/Applications";
			productName = ArchimadeAgent;
			productReference = 8D1107320486CEB800E47090 /* ArchimadeAgent.app */;
			productType = "com.apple.product-type.application";
		};
/* End PBXNativeTarget section */

/* Begin PBXProject section */
		29B97313FDCFA39411CA2CEA /* Project object */ = {
			isa = PBXProject;
			buildConfigurationList = C01FCF4E08A954540054247B /* Build configuration list for PBXProject "ArchimadeAgent" */;
			compatibilityVersion = "Xcode 3.1";
			hasScannedForEncodings = 1;
			mainGroup = 29B97314FDCFA39411CA2CEA /* ArchimadeAgent */;
			projectDirPath = "";
			projectRoot = "";
			targets = (
				8D1107260486CEB800E47090 /* ArchimadeAgent */,
			);
		};
/* End PBXProject section */

/* Begin PBXResourcesBuildPhase section */
		8D1107290486CEB800E47090 /* Resources */ = {
			isa = PBXResourcesBuildPhase;
			buildActionMask = 2147483647;
			files = (
				8D11072B0486CEB800E47090 /* InfoPlist.strings in Resources */,
				D5ABA8B70F45FB6700EAD09C /* ProgressWindow.xib in Resources */,
				D5ABA8BC0F45FB7500EAD09C /* WrongDroppedFile.aiff in Resources */,
				D5ABA8BD0F45FB7500EAD09C /* WrongPriviledges.aiff in Resources */,
			);
			runOnlyForDeploymentPostprocessing = 0;
		};
/* End PBXResourcesBuildPhase section */

/* Begin PBXSourcesBuildPhase section */
		8D11072C0486CEB800E47090 /* Sources */ = {
			isa = PBXSourcesBuildPhase;
			buildActionMask = 2147483647;
			files = (
				8D11072D0486CEB800E47090 /* main.m in Sources */,
				D5ABA89F0F45FB3F00EAD09C /* ArchimadeAgentApplicationController.m in Sources */,
				D5ABA8AF0F45FB5000EAD09C /* ArchimadeProgressWindowController.m in Sources */,
				D5ABA8B00F45FB5000EAD09C /* ArchimadeFileManagerAddition.m in Sources */,
				D5ABA8B10F45FB5000EAD09C /* ArchimadeDirectoryLookupOperation.m in Sources */,
				D5ABA8B20F45FB5000EAD09C /* ArchimadeArchiveTaskOperation.m in Sources */,
			);
			runOnlyForDeploymentPostprocessing = 0;
		};
/* End PBXSourcesBuildPhase section */

/* Begin PBXVariantGroup section */
		089C165CFE840E0CC02AAC07 /* InfoPlist.strings */ = {
			isa = PBXVariantGroup;
			children = (
				089C165DFE840E0CC02AAC07 /* English */,
			);
			name = InfoPlist.strings;
			sourceTree = "<group>";
		};
		D5ABA8B50F45FB6700EAD09C /* ProgressWindow.xib */ = {
			isa = PBXVariantGroup;
			children = (
				D5ABA8B60F45FB6700EAD09C /* English */,
			);
			name = ProgressWindow.xib;
			sourceTree = "<group>";
		};
		D5ABA8B80F45FB7500EAD09C /* WrongDroppedFile.aiff */ = {
			isa = PBXVariantGroup;
			children = (
				D5ABA8B90F45FB7500EAD09C /* English */,
			);
			name = WrongDroppedFile.aiff;
			sourceTree = "<group>";
		};
		D5ABA8BA0F45FB7500EAD09C /* WrongPriviledges.aiff */ = {
			isa = PBXVariantGroup;
			children = (
				D5ABA8BB0F45FB7500EAD09C /* English */,
			);
			name = WrongPriviledges.aiff;
			sourceTree = "<group>";
		};
/* End PBXVariantGroup section */

/* Begin XCBuildConfiguration section */
		C01FCF4B08A954540054247B /* Debug */ = {
			isa = XCBuildConfiguration;
			buildSettings = {
				ALWAYS_SEARCH_USER_PATHS = NO;
				COPY_PHASE_STRIP = NO;
				GCC_DYNAMIC_NO_PIC = NO;
				GCC_ENABLE_FIX_AND_CONTINUE = YES;
				GCC_MODEL_TUNING = G5;
				GCC_OPTIMIZATION_LEVEL = 0;
				GCC_PRECOMPILE_PREFIX_HEADER = YES;
				GCC_PREFIX_HEADER = ArchimadeAgent_Prefix.pch;
				INFOPLIST_FILE = Info.plist;
				INSTALL_PATH = "$(HOME)/Applications";
				PRODUCT_NAME = ArchimadeAgent;
			};
			name = Debug;
		};
		C01FCF4C08A954540054247B /* Release */ = {
			isa = XCBuildConfiguration;
			buildSettings = {
				ALWAYS_SEARCH_USER_PATHS = NO;
				DEBUG_INFORMATION_FORMAT = "dwarf-with-dsym";
				GCC_MODEL_TUNING = G5;
				GCC_PRECOMPILE_PREFIX_HEADER = YES;
				GCC_PREFIX_HEADER = ArchimadeAgent_Prefix.pch;
				INFOPLIST_FILE = Info.plist;
				INSTALL_PATH = "$(HOME)/Applications";
				PRODUCT_NAME = ArchimadeAgent;
			};
			name = Release;
		};
		C01FCF4F08A954540054247B /* Debug */ = {
			isa = XCBuildConfiguration;
			buildSettings = {
				ARCHS = "$(ARCHS_STANDARD_32_BIT)";
				GCC_C_LANGUAGE_STANDARD = c99;
				GCC_OPTIMIZATION_LEVEL = 0;
				GCC_WARN_ABOUT_RETURN_TYPE = YES;
				GCC_WARN_UNUSED_VARIABLE = YES;
				ONLY_ACTIVE_ARCH = YES;
				PREBINDING = NO;
				SDKROOT = macosx10.5;
			};
			name = Debug;
		};
		C01FCF5008A954540054247B /* Release */ = {
			isa = XCBuildConfiguration;
			buildSettings = {
				ARCHS = "$(ARCHS_STANDARD_32_BIT)";
				GCC_C_LANGUAGE_STANDARD = c99;
				GCC_WARN_ABOUT_RETURN_TYPE = YES;
				GCC_WARN_UNUSED_VARIABLE = YES;
				PREBINDING = NO;
				SDKROOT = macosx10.5;
			};
			name = Release;
		};
/* End XCBuildConfiguration section */

/* Begin XCConfigurationList section */
		C01FCF4A08A954540054247B /* Build configuration list for PBXNativeTarget "ArchimadeAgent" */ = {
			isa = XCConfigurationList;
			buildConfigurations = (
				C01FCF4B08A954540054247B /* Debug */,
				C01FCF4C08A954540054247B /* Release */,
			);
			defaultConfigurationIsVisible = 0;
			defaultConfigurationName = Release;
		};
		C01FCF4E08A954540054247B /* Build configuration list for PBXProject "ArchimadeAgent" */ = {
			isa = XCConfigurationList;
			buildConfigurations = (
				C01FCF4F08A954540054247B /* Debug */,
				C01FCF5008A954540054247B /* Release */,
			);
			defaultConfigurationIsVisible = 0;
			defaultConfigurationName = Release;
		};
/* End XCConfigurationList section */
	};
	rootObject = 29B97313FDCFA39411CA2CEA /* Project object */;
}
